
Microsoft Visual Studio Solution File, Format Version 12.00
# Visual Studio Version 16
VisualStudioVersion = 16.0.31229.75
MinimumVisualStudioVersion = 10.0.40219.1
Project("{2150E333-8FDC-42A3-9474-1A3956D46DE8}") = "0-SolutionItems", "0-SolutionItems", "{237C43B7-1DB2-4129-91DB-EC5288C3F6FF}"
	ProjectSection(SolutionItems) = preProject
		.editorconfig = .editorconfig
	EndProjectSection
EndProject
Project("{2150E333-8FDC-42A3-9474-1A3956D46DE8}") = "1-UI", "1-UI", "{71C64474-4CA6-43CA-8C9B-764CBC535206}"
EndProject
Project("{2150E333-8FDC-42A3-9474-1A3956D46DE8}") = "2-API", "2-API", "{0887322B-7146-4C25-9C70-022894138980}"
EndProject
Project("{2150E333-8FDC-42A3-9474-1A3956D46DE8}") = "3-Business", "3-Business", "{1F976F93-0577-4088-85D8-584D664B649E}"
EndProject
Project("{2150E333-8FDC-42A3-9474-1A3956D46DE8}") = "4-DataAccess", "4-DataAccess", "{C66F3003-DFD0-4026-8086-A522E7FC930B}"
EndProject
Project("{2150E333-8FDC-42A3-9474-1A3956D46DE8}") = "5-Common", "5-Common", "{A1E592C1-4573-4350-9155-31F73334F78F}"
EndProject
Project("{9A19103F-16F7-4668-BE54-9A1E7A4F7556}") = "Common", "Common\Common.csproj", "{1BC6815C-7990-4010-8255-853E2E91EA6E}"
EndProject
Project("{9A19103F-16F7-4668-BE54-9A1E7A4F7556}") = "Business", "Business\Business.csproj", "{5D49FE40-992F-4490-82DD-5758D5CE9C39}"
EndProject
Project("{9A19103F-16F7-4668-BE54-9A1E7A4F7556}") = "API", "API\API.csproj", "{8DB54770-5BCD-4BAB-A1AD-5DB5238F3260}"
EndProject
Project("{9A19103F-16F7-4668-BE54-9A1E7A4F7556}") = "DataAccess", "DataAccess\DataAccess.csproj", "{97433669-B6E0-4CAF-83E9-89DE68EC6C93}"
EndProject
Project("{9A19103F-16F7-4668-BE54-9A1E7A4F7556}") = "BlazorServer", "BlazorServer\BlazorServer.csproj", "{332C691E-9311-46F2-9E9C-391D8E0BE0E2}"
EndProject
Project("{9A19103F-16F7-4668-BE54-9A1E7A4F7556}") = "BlazorWebAssemblyClient", "BlazorWebAssemblyClient\BlazorWebAssemblyClient.csproj", "{2F5BEAFE-5E93-4481-851D-795B6C0AE11E}"
EndProject
Project("{FAE04EC0-301F-11D3-BF4B-00C04F79EFBC}") = "ModelDTOs", "ModelDTOs\ModelDTOs.csproj", "{58B1D524-5110-47B9-9725-FF88737B225E}"
EndProject
Global
	GlobalSection(SolutionConfigurationPlatforms) = preSolution
		Debug|Any CPU = Debug|Any CPU
		Release|Any CPU = Release|Any CPU
	EndGlobalSection
	GlobalSection(ProjectConfigurationPlatforms) = postSolution
		{1BC6815C-7990-4010-8255-853E2E91EA6E}.Debug|Any CPU.ActiveCfg = Debug|Any CPU
		{1BC6815C-7990-4010-8255-853E2E91EA6E}.Debug|Any CPU.Build.0 = Debug|Any CPU
		{1BC6815C-7990-4010-8255-853E2E91EA6E}.Release|Any CPU.ActiveCfg = Release|Any CPU
		{1BC6815C-7990-4010-8255-853E2E91EA6E}.Release|Any CPU.Build.0 = Release|Any CPU
		{5D49FE40-992F-4490-82DD-5758D5CE9C39}.Debug|Any CPU.ActiveCfg = Debug|Any CPU
		{5D49FE40-992F-4490-82DD-5758D5CE9C39}.Debug|Any CPU.Build.0 = Debug|Any CPU
		{5D49FE40-992F-4490-82DD-5758D5CE9C39}.Release|Any CPU.ActiveCfg = Release|Any CPU
		{5D49FE40-992F-4490-82DD-5758D5CE9C39}.Release|Any CPU.Build.0 = Release|Any CPU
		{8DB54770-5BCD-4BAB-A1AD-5DB5238F3260}.Debug|Any CPU.ActiveCfg = Debug|Any CPU
		{8DB54770-5BCD-4BAB-A1AD-5DB5238F3260}.Debug|Any CPU.Build.0 = Debug|Any CPU
		{8DB54770-5BCD-4BAB-A1AD-5DB5238F3260}.Release|Any CPU.ActiveCfg = Release|Any CPU
		{8DB54770-5BCD-4BAB-A1AD-5DB5238F3260}.Release|Any CPU.Build.0 = Release|Any CPU
		{97433669-B6E0-4CAF-83E9-89DE68EC6C93}.Debug|Any CPU.ActiveCfg = Debug|Any CPU
		{97433669-B6E0-4CAF-83E9-89DE68EC6C93}.Debug|Any CPU.Build.0 = Debug|Any CPU
		{97433669-B6E0-4CAF-83E9-89DE68EC6C93}.Release|Any CPU.ActiveCfg = Release|Any CPU
		{97433669-B6E0-4CAF-83E9-89DE68EC6C93}.Release|Any CPU.Build.0 = Release|Any CPU
		{332C691E-9311-46F2-9E9C-391D8E0BE0E2}.Debug|Any CPU.ActiveCfg = Debug|Any CPU
		{332C691E-9311-46F2-9E9C-391D8E0BE0E2}.Debug|Any CPU.Build.0 = Debug|Any CPU
		{332C691E-9311-46F2-9E9C-391D8E0BE0E2}.Release|Any CPU.ActiveCfg = Release|Any CPU
		{332C691E-9311-46F2-9E9C-391D8E0BE0E2}.Release|Any CPU.Build.0 = Release|Any CPU
		{2F5BEAFE-5E93-4481-851D-795B6C0AE11E}.Debug|Any CPU.ActiveCfg = Debug|Any CPU
		{2F5BEAFE-5E93-4481-851D-795B6C0AE11E}.Debug|Any CPU.Build.0 = Debug|Any CPU
		{2F5BEAFE-5E93-4481-851D-795B6C0AE11E}.Release|Any CPU.ActiveCfg = Release|Any CPU
		{2F5BEAFE-5E93-4481-851D-795B6C0AE11E}.Release|Any CPU.Build.0 = Release|Any CPU
		{58B1D524-5110-47B9-9725-FF88737B225E}.Debug|Any CPU.ActiveCfg = Debug|Any CPU
		{58B1D524-5110-47B9-9725-FF88737B225E}.Debug|Any CPU.Build.0 = Debug|Any CPU
		{58B1D524-5110-47B9-9725-FF88737B225E}.Release|Any CPU.ActiveCfg = Release|Any CPU
		{58B1D524-5110-47B9-9725-FF88737B225E}.Release|Any CPU.Build.0 = Release|Any CPU
	EndGlobalSection
	GlobalSection(SolutionProperties) = preSolution
		HideSolutionNode = FALSE
	EndGlobalSection
	GlobalSection(NestedProjects) = preSolution
		{1BC6815C-7990-4010-8255-853E2E91EA6E} = {A1E592C1-4573-4350-9155-31F73334F78F}
		{5D49FE40-992F-4490-82DD-5758D5CE9C39} = {1F976F93-0577-4088-85D8-584D664B649E}
		{8DB54770-5BCD-4BAB-A1AD-5DB5238F3260} = {0887322B-7146-4C25-9C70-022894138980}
		{97433669-B6E0-4CAF-83E9-89DE68EC6C93} = {C66F3003-DFD0-4026-8086-A522E7FC930B}
		{332C691E-9311-46F2-9E9C-391D8E0BE0E2} = {71C64474-4CA6-43CA-8C9B-764CBC535206}
		{2F5BEAFE-5E93-4481-851D-795B6C0AE11E} = {71C64474-4CA6-43CA-8C9B-764CBC535206}
		{58B1D524-5110-47B9-9725-FF88737B225E} = {A1E592C1-4573-4350-9155-31F73334F78F}
	EndGlobalSection
	GlobalSection(ExtensibilityGlobals) = postSolution
		SolutionGuid = {9A70C9D2-5814-4FCF-98E6-4C220BB86149}
	EndGlobalSection
EndGlobal
